{
  "requires": true,
  "lockfileVersion": 1,
  "dependencies": {
    "commander": {
      "version": "8.0.0",
      "resolved": "https://registry.npmjs.org/commander/-/commander-8.0.0.tgz",
      "integrity": "sha512-Xvf85aAtu6v22+E5hfVoLHqyul/jyxh91zvqk/ioJTQuJR7Z78n7H558vMPKanPSRgIEeZemT92I2g9Y8LPbSQ=="
    },
    "luamin": {
      "version": "1.0.4",
      "resolved": "https://registry.npmjs.org/luamin/-/luamin-1.0.4.tgz",
      "integrity": "sha1-lEUptY/G+k0x6s4uA1PUEhDw49M=",
      "requires": {
        "luaparse": "^0.2.1"
      }
    },
    "luaparse": {
      "version": "0.2.1",
      "resolved": "https://registry.npmjs.org/luaparse/-/luaparse-0.2.1.tgz",
      "integrity": "sha1-qo9WEysN6X0388mRqd9C4OF/ZWw="
    },
    "pegjs": {
      "version": "0.10.0",
      "resolved": "https://registry.npmjs.org/pegjs/-/pegjs-0.10.0.tgz",
      "integrity": "sha1-z4uvrm7d/0tafvsYUmnqr0YQ3b0="
    }
  }
}
